dependencies:
- name: redis
  repository: https://charts.bitnami.com/bitnami
  version: 20.3.0
- name: minio
  repository: https://charts.bitnami.com/bitnami
  version: 14.8.5
- name: keda
  repository: https://kedacore.github.io/charts
  version: 2.16.0
digest: sha256:11e2ebe9c8780586e6647236d170f61d31b916557669178fdc2e2a7d7bb976f6
generated: "2024-12-04T07:38:55.164754697Z"
